
Microsoft Visual Studio Solution File, Format Version 12.00
# Visual Studio Version 16
VisualStudioVersion = 16.0.30804.86
MinimumVisualStudioVersion = 10.0.40219.1
Project("{FAE04EC0-301F-11D3-BF4B-00C04F79EFBC}") = "CSharp9NewFeatures", "CSharp9NewFeatures.csproj", "{10C65766-F2C4-4CEF-8860-5E696C3FD448}"
EndProject
Global
	GlobalSection(SolutionConfigurationPlatforms) = preSolution
		Debug|Any CPU = Debug|Any CPU
		Release|Any CPU = Release|Any CPU
	EndGlobalSection
	GlobalSection(ProjectConfigurationPlatforms) = postSolution
		{10C65766-F2C4-4CEF-8860-5E696C3FD448}.Debug|Any CPU.ActiveCfg = Debug|Any CPU
		{10C65766-F2C4-4CEF-8860-5E696C3FD448}.Debug|Any CPU.Build.0 = Debug|Any CPU
		{10C65766-F2C4-4CEF-8860-5E696C3FD448}.Release|Any CPU.ActiveCfg = Release|Any CPU
		{10C65766-F2C4-4CEF-8860-5E696C3FD448}.Release|Any CPU.Build.0 = Release|Any CPU
	EndGlobalSection
	GlobalSection(SolutionProperties) = preSolution
		HideSolutionNode = FALSE
	EndGlobalSection
	GlobalSection(ExtensibilityGlobals) = postSolution
		SolutionGuid = {8FF3AF6B-1AA5-47ED-A70E-4BCDDE2141A2}
	EndGlobalSection
EndGlobal
